{
  "nodes": {
    "fenix": {
      "inputs": {
        "nixpkgs": [
          "nixpkgs"
        ],
        "rust-analyzer-src": "rust-analyzer-src"
      },
      "locked": {
        "lastModified": 1662186434,
        "narHash": "sha256-N867s0Z20q9LNirVftWoKAmkEARmmHXZHyRTEmekf94=",
        "owner": "nix-community",
        "repo": "fenix",
        "rev": "e228867146581fa5e4be25dafc0dd68fdd22f0ad",
        "type": "github"
      },
      "original": {
        "owner": "nix-community",
        "repo": "fenix",
        "type": "github"
      }
    },
    "flake-utils": {
      "locked": {
        "lastModified": 1659877975,
        "narHash": "sha256-zllb8aq3YO3h8B/U0/J1WBgAL8EX5yWf5pMj3G0NAmc=",
        "owner": "numtide",
        "repo": "flake-utils",
        "rev": "c0e246b9b83f637f4681389ecabcb2681b4f3af0",
        "type": "github"
      },
      "original": {
        "id": "flake-utils",
        "type": "indirect"
      }
    },
    "naersk": {
      "inputs": {
        "nixpkgs": [
          "nixpkgs"
        ]
      },
      "locked": {
        "lastModified": 1662136632,
        "narHash": "sha256-RwW/aA3ueQPsilQLi7NOfUnn8MgM6WMV+oRpW+nkDMI=",
        "owner": "nix-community",
        "repo": "naersk",
        "rev": "8d2f4d00cb24cda8e5bdd802b827a0eaeff34eec",
        "type": "github"
      },
      "original": {
        "owner": "nix-community",
        "repo": "naersk",
        "type": "github"
      }
    },
    "nix-filter": {
      "locked": {
        "lastModified": 1661201956,
        "narHash": "sha256-RizGJH/buaw9A2+fiBf9WnXYw4LZABB5kMAZIEE5/T8=",
        "owner": "numtide",
        "repo": "nix-filter",
        "rev": "3b821578685d661a10b563cba30b1861eec05748",
        "type": "github"
      },
      "original": {
        "owner": "numtide",
        "repo": "nix-filter",
        "type": "github"
      }
    },
    "nixpkgs": {
      "locked": {
        "lastModified": 1661151577,
        "narHash": "sha256-++S0TuJtuz9IpqP8rKktWyHZKpgdyrzDFUXVY07MTRI=",
        "owner": "NixOS",
        "repo": "nixpkgs",
        "rev": "54060e816971276da05970a983487a25810c38a7",
        "type": "github"
      },
      "original": {
        "id": "nixpkgs",
        "type": "indirect"
      }
    },
    "root": {
      "inputs": {
        "fenix": "fenix",
        "flake-utils": "flake-utils",
        "naersk": "naersk",
        "nix-filter": "nix-filter",
        "nixpkgs": "nixpkgs"
      }
    },
    "rust-analyzer-src": {
      "flake": false,
      "locked": {
        "lastModified": 1662066014,
        "narHash": "sha256-DE4FsE2sxd9nFtG+8+lnv/IBbtf+6rAlKjIdfpWN488=",
        "owner": "rust-lang",
        "repo": "rust-analyzer",
        "rev": "93c52e41ec0d297c7512adf5936d8c464c820618",
        "type": "github"
      },
      "original": {
        "owner": "rust-lang",
        "ref": "nightly",
        "repo": "rust-analyzer",
        "type": "github"
      }
    }
  },
  "root": "root",
  "version": 7
}
